{
    "_meta": {
        "hash": {
            "sha256": "993eee154e6b5307a859462816091758c98a872fa7e71269f3dadbb8db0dfaa4"
        },
        "pipfile-spec": 6,
        "requires": {
            "python_version": "3.7"
        },
        "sources": [
            {
                "name": "pypi",
                "url": "https://pypi.org/simple",
                "verify_ssl": true
            }
        ]
    },
    "default": {
        "certifi": {
            "hashes": [
                "sha256:e4f3620cfea4f83eedc95b24abd9cd56f3c4b146dd0177e83a21b4eb49e21e50",
                "sha256:fd7c7c74727ddcf00e9acd26bba8da604ffec95bf1c2144e67aff7a8b50e6cef"
            ],
            "version": "==2019.9.11"
        },
        "chardet": {
            "hashes": [
                "sha256:84ab92ed1c4d4f16916e05906b6b75a6c0fb5db821cc65e70cbd64a3e2a5eaae",
                "sha256:fc323ffcaeaed0e0a02bf4d117757b98aed530d9ed4531e3e15460124c106691"
            ],
            "version": "==3.0.4"
        },
        "idna": {
            "hashes": [
                "sha256:c357b3f628cf53ae2c4c05627ecc484553142ca23264e593d327bcde5e9c3407",
                "sha256:ea8b7f6188e6fa117537c3df7da9fc686d485087abf6ac197f9c46432f7e4a3c"
            ],
            "version": "==2.8"
        },
        "requests": {
            "hashes": [
                "sha256:11e007a8a2aa0323f5a921e9e6a2d7e4e67d9877e85773fba9ba6419025cbeb4",
                "sha256:9cf5292fcd0f598c671cfc1e0d7d1a7f13bb8085e9a590f48c010551dc6c4b31"
            ],
            "version": "==2.22.0"
        },
        "robotframework": {
            "hashes": [
                "sha256:cc4b04f711677c94c7d1e30ef1e5cdd50c0b731f8038d6214379c3def183c7f0",
                "sha256:f10dd7c0c8c7962a4f80dd1e026b5db731b9391bc6e1f9ebb96d685eb1230dbc"
            ],
            "index": "pypi",
            "version": "==3.1.2"
        },
        "robotframework-requests": {
            "hashes": [
                "sha256:30669de238f7efd171ccab1c19c7f30ed6b77f43db534c173c1fa1568194d4cb"
            ],
            "index": "pypi",
            "version": "==0.6.2"
        },
        "robotframework-sudslibrary3": {
            "hashes": [
                "sha256:aaeb16fa96e682081d9f385233c4e53303ed53ae64e9f990dcea7e93c422de68",
                "sha256:f4e4b9a42d4b1b78ee642c96a8bf3d2e5bb6290b01722944257a74736a96442f"
            ],
            "index": "pypi",
            "version": "==1.0"
        },
        "suds-jurko": {
            "hashes": [
                "sha256:1cb7252cb13018fc32887c3a834ed7c6648a5b5c4c159be5806da2e1785399e8",
                "sha256:29edb72fd21e3044093d86f33c66cf847c5aaab26d64cb90e69e528ef014e57f"
            ],
            "version": "==0.6"
        },
        "urllib3": {
            "hashes": [
                "sha256:a8a318824cc77d1fd4b2bec2ded92646630d7fe8619497b142c84a9e6f5a7293",
                "sha256:f3c5fd51747d450d4dcf6f923c81f78f811aab8205fda64b0aba34a4e48b0745"
            ],
            "version": "==1.25.7"
        }
    },
    "develop": {}
}
